
Microsoft Visual Studio Solution File, Format Version 12.00
# Visual Studio 15
VisualStudioVersion = 15.0.26228.9
MinimumVisualStudioVersion = 10.0.40219.1
Project("{FAE04EC0-301F-11D3-BF4B-00C04F79EFBC}") = "PerformanceTest", "src\PerformanceTest\PerformanceTest.csproj", "{86056F9D-4F4E-492B-BBC2-7A176043E42C}"
EndProject
Project("{FAE04EC0-301F-11D3-BF4B-00C04F79EFBC}") = "UnitTests", "src\UnitTests\UnitTests.csproj", "{AF4BDF7E-544F-4F7F-844B-C55B31826B26}"
EndProject
Project("{FAE04EC0-301F-11D3-BF4B-00C04F79EFBC}") = "Measurement", "src\Measurement\Measurement.csproj", "{E315BFAB-D44B-4A75-82A3-1EEAF33B5717}"
EndProject
Project("{2150E333-8FDC-42A3-9474-1A3956D46DE8}") = "Target Projects", "Target Projects", "{A96102DB-4EF7-47B1-8A80-017FF6DF6F11}"
EndProject
Project("{FAE04EC0-301F-11D3-BF4B-00C04F79EFBC}") = "Delay", "src\TargetProjects\Delay\Delay.csproj", "{D070FDFD-BDF2-47C6-9325-DC2101869AA4}"
EndProject
Global
	GlobalSection(SolutionConfigurationPlatforms) = preSolution
		Debug|Any CPU = Debug|Any CPU
		Release|Any CPU = Release|Any CPU
	EndGlobalSection
	GlobalSection(ProjectConfigurationPlatforms) = postSolution
		{86056F9D-4F4E-492B-BBC2-7A176043E42C}.Debug|Any CPU.ActiveCfg = Debug|Any CPU
		{86056F9D-4F4E-492B-BBC2-7A176043E42C}.Debug|Any CPU.Build.0 = Debug|Any CPU
		{86056F9D-4F4E-492B-BBC2-7A176043E42C}.Release|Any CPU.ActiveCfg = Release|Any CPU
		{86056F9D-4F4E-492B-BBC2-7A176043E42C}.Release|Any CPU.Build.0 = Release|Any CPU
		{AF4BDF7E-544F-4F7F-844B-C55B31826B26}.Debug|Any CPU.ActiveCfg = Debug|Any CPU
		{AF4BDF7E-544F-4F7F-844B-C55B31826B26}.Debug|Any CPU.Build.0 = Debug|Any CPU
		{AF4BDF7E-544F-4F7F-844B-C55B31826B26}.Release|Any CPU.ActiveCfg = Release|Any CPU
		{AF4BDF7E-544F-4F7F-844B-C55B31826B26}.Release|Any CPU.Build.0 = Release|Any CPU
		{E315BFAB-D44B-4A75-82A3-1EEAF33B5717}.Debug|Any CPU.ActiveCfg = Debug|Any CPU
		{E315BFAB-D44B-4A75-82A3-1EEAF33B5717}.Debug|Any CPU.Build.0 = Debug|Any CPU
		{E315BFAB-D44B-4A75-82A3-1EEAF33B5717}.Release|Any CPU.ActiveCfg = Release|Any CPU
		{E315BFAB-D44B-4A75-82A3-1EEAF33B5717}.Release|Any CPU.Build.0 = Release|Any CPU
		{D070FDFD-BDF2-47C6-9325-DC2101869AA4}.Debug|Any CPU.ActiveCfg = Debug|Any CPU
		{D070FDFD-BDF2-47C6-9325-DC2101869AA4}.Debug|Any CPU.Build.0 = Debug|Any CPU
		{D070FDFD-BDF2-47C6-9325-DC2101869AA4}.Release|Any CPU.ActiveCfg = Release|Any CPU
		{D070FDFD-BDF2-47C6-9325-DC2101869AA4}.Release|Any CPU.Build.0 = Release|Any CPU
	EndGlobalSection
	GlobalSection(SolutionProperties) = preSolution
		HideSolutionNode = FALSE
	EndGlobalSection
	GlobalSection(NestedProjects) = preSolution
		{D070FDFD-BDF2-47C6-9325-DC2101869AA4} = {A96102DB-4EF7-47B1-8A80-017FF6DF6F11}
	EndGlobalSection
EndGlobal
